
Microsoft Visual Studio Solution File, Format Version 12.00
# Visual Studio Version 17
VisualStudioVersion = 17.7.34024.191
MinimumVisualStudioVersion = 10.0.40219.1
Project("{FAE04EC0-301F-11D3-BF4B-00C04F79EFBC}") = "SidheBot", "SidheBot\SidheBot.csproj", "{7C299B75-2C4F-482E-937B-0CBCDC3071C1}"
EndProject
Project("{FAE04EC0-301F-11D3-BF4B-00C04F79EFBC}") = "DiscordAccess", "DiscordAccess\DiscordAccess.csproj", "{516B0F5E-EB6B-404E-B149-69DDE00406E3}"
EndProject
Project("{FAE04EC0-301F-11D3-BF4B-00C04F79EFBC}") = "DataStore", "DataStore\DataStore.csproj", "{135D7B07-3269-4D19-94DB-A90FB98A556D}"
EndProject
Global
	GlobalSection(SolutionConfigurationPlatforms) = preSolution
		Debug|Any CPU = Debug|Any CPU
		Release|Any CPU = Release|Any CPU
	EndGlobalSection
	GlobalSection(ProjectConfigurationPlatforms) = postSolution
		{7C299B75-2C4F-482E-937B-0CBCDC3071C1}.Debug|Any CPU.ActiveCfg = Debug|Any CPU
		{7C299B75-2C4F-482E-937B-0CBCDC3071C1}.Debug|Any CPU.Build.0 = Debug|Any CPU
		{7C299B75-2C4F-482E-937B-0CBCDC3071C1}.Release|Any CPU.ActiveCfg = Release|Any CPU
		{7C299B75-2C4F-482E-937B-0CBCDC3071C1}.Release|Any CPU.Build.0 = Release|Any CPU
		{516B0F5E-EB6B-404E-B149-69DDE00406E3}.Debug|Any CPU.ActiveCfg = Debug|Any CPU
		{516B0F5E-EB6B-404E-B149-69DDE00406E3}.Debug|Any CPU.Build.0 = Debug|Any CPU
		{516B0F5E-EB6B-404E-B149-69DDE00406E3}.Release|Any CPU.ActiveCfg = Release|Any CPU
		{516B0F5E-EB6B-404E-B149-69DDE00406E3}.Release|Any CPU.Build.0 = Release|Any CPU
		{135D7B07-3269-4D19-94DB-A90FB98A556D}.Debug|Any CPU.ActiveCfg = Debug|Any CPU
		{135D7B07-3269-4D19-94DB-A90FB98A556D}.Debug|Any CPU.Build.0 = Debug|Any CPU
		{135D7B07-3269-4D19-94DB-A90FB98A556D}.Release|Any CPU.ActiveCfg = Release|Any CPU
		{135D7B07-3269-4D19-94DB-A90FB98A556D}.Release|Any CPU.Build.0 = Release|Any CPU
	EndGlobalSection
	GlobalSection(SolutionProperties) = preSolution
		HideSolutionNode = FALSE
	EndGlobalSection
	GlobalSection(ExtensibilityGlobals) = postSolution
		SolutionGuid = {2A8F9B76-C6B2-4A15-9893-D5199797AD08}
	EndGlobalSection
EndGlobal
